
Microsoft Visual Studio Solution File, Format Version 12.00
# Visual Studio Version 17
VisualStudioVersion = 17.4.33205.214
MinimumVisualStudioVersion = 10.0.40219.1
Project("{9A19103F-16F7-4668-BE54-9A1E7A4F7556}") = "WebApplication2", "WebApplication2\WebApplication2.csproj", "{4A7455A4-DF32-4DB7-B3FB-D5F5B4E835CF}"
EndProject
Global
	GlobalSection(SolutionConfigurationPlatforms) = preSolution
		Debug|Any CPU = Debug|Any CPU
		Release|Any CPU = Release|Any CPU
	EndGlobalSection
	GlobalSection(ProjectConfigurationPlatforms) = postSolution
		{4A7455A4-DF32-4DB7-B3FB-D5F5B4E835CF}.Debug|Any CPU.ActiveCfg = Debug|Any CPU
		{4A7455A4-DF32-4DB7-B3FB-D5F5B4E835CF}.Debug|Any CPU.Build.0 = Debug|Any CPU
		{4A7455A4-DF32-4DB7-B3FB-D5F5B4E835CF}.Release|Any CPU.ActiveCfg = Release|Any CPU
		{4A7455A4-DF32-4DB7-B3FB-D5F5B4E835CF}.Release|Any CPU.Build.0 = Release|Any CPU
	EndGlobalSection
	GlobalSection(SolutionProperties) = preSolution
		HideSolutionNode = FALSE
	EndGlobalSection
	GlobalSection(ExtensibilityGlobals) = postSolution
		SolutionGuid = {69641F8D-43CE-4218-8E83-0353B7B6A4DE}
	EndGlobalSection
EndGlobal
